// !$*UTF8*$!
{
	archiveVersion = 1;
	classes = {
	};
	objectVersion = 46;
	objects = {

/* Begin PBXBuildFile section */
		3C4B924B1B3472CF0083498D /* AppDelegate.swift in Sources */ = {isa = PBXBuildFile; fileRef = 3C4B924A1B3472CF0083498D /* AppDelegate.swift */; };
		3C4B924D1B3472CF0083498D /* ViewController.swift in Sources */ = {isa = PBXBuildFile; fileRef = 3C4B924C1B3472CF0083498D /* ViewController.swift */; };
		3C4B92501B3472CF0083498D /* Main.storyboard in Resources */ = {isa = PBXBuildFile; fileRef = 3C4B924E1B3472CF0083498D /* Main.storyboard */; };
		3C4B92521B3472CF0083498D /* Images.xcassets in Resources */ = {isa = PBXBuildFile; fileRef = 3C4B92511B3472CF0083498D /* Images.xcassets */; };
		3C4B92551B3472CF0083498D /* LaunchScreen.xib in Resources */ = {isa = PBXBuildFile; fileRef = 3C4B92531B3472CF0083498D /* LaunchScreen.xib */; };
		3C4B92611B3472CF0083498D /* CustomAlertViewTests.swift in Sources */ = {isa = PBXBuildFile; fileRef = 3C4B92601B3472CF0083498D /* CustomAlertViewTests.swift */; };
/* End PBXBuildFile section */

/* Begin PBXContainerItemProxy section */
		3C4B925B1B3472CF0083498D /* PBXContainerItemProxy */ = {
			isa = PBXContainerItemProxy;
			containerPortal = 3C4B923D1B3472CF0083498D /* Project object */;
			proxyType = 1;
			remoteGlobalIDString = 3C4B92441B3472CF0083498D;
			remoteInfo = CustomAlertView;
		};
/* End PBXContainerItemProxy section */

/* Begin PBXFileReference section */
		3C4B92451B3472CF0083498D /* CustomAlertView.app */ = {isa = PBXFileReference; explicitFileType = wrapper.application; includeInIndex = 0; path = CustomAlertView.app; sourceTree = BUILT_PRODUCTS_DIR; };
		3C4B92491B3472CF0083498D /* Info.plist */ = {isa = PBXFileReference; lastKnownFileType = text.plist.xml; path = Info.plist; sourceTree = "<group>"; };
		3C4B924A1B3472CF0083498D /* AppDelegate.swift */ = {isa = PBXFileReference; lastKnownFileType = sourcecode.swift; path = AppDelegate.swift; sourceTree = "<group>"; };
		3C4B924C1B3472CF0083498D /* ViewController.swift */ = {isa = PBXFileReference; lastKnownFileType = sourcecode.swift; path = ViewController.swift; sourceTree = "<group>"; };
		3C4B924F1B3472CF0083498D /* Base */ = {isa = PBXFileReference; lastKnownFileType = file.storyboard; name = Base; path = Base.lproj/Main.storyboard; sourceTree = "<group>"; };
		3C4B92511B3472CF0083498D /* Images.xcassets */ = {isa = PBXFileReference; lastKnownFileType = folder.assetcatalog; path = Images.xcassets; sourceTree = "<group>"; };
		3C4B92541B3472CF0083498D /* Base */ = {isa = PBXFileReference; lastKnownFileType = file.xib; name = Base; path = Base.lproj/LaunchScreen.xib; sourceTree = "<group>"; };
		3C4B925A1B3472CF0083498D /* CustomAlertViewTests.xctest */ = {isa = PBXFileReference; explicitFileType = wrapper.cfbundle; includeInIndex = 0; path = CustomAlertViewTests.xctest; sourceTree = BUILT_PRODUCTS_DIR; };
		3C4B925F1B3472CF0083498D /* Info.plist */ = {isa = PBXFileReference; lastKnownFileType = text.plist.xml; path = Info.plist; sourceTree = "<group>"; };
		3C4B92601B3472CF0083498D /* CustomAlertViewTests.swift */ = {isa = PBXFileReference; lastKnownFileType = sourcecode.swift; path = CustomAlertViewTests.swift; sourceTree = "<group>"; };
/* End PBXFileReference section */

/* Begin PBXFrameworksBuildPhase section */
		3C4B92421B3472CF0083498D /* Frameworks */ = {
			isa = PBXFrameworksBuildPhase;
			buildActionMask = 2147483647;
			files = (
			);
			runOnlyForDeploymentPostprocessing = 0;
		};
		3C4B92571B3472CF0083498D /* Frameworks */ = {
			isa = PBXFrameworksBuildPhase;
			buildActionMask = 2147483647;
			files = (
			);
			runOnlyForDeploymentPostprocessing = 0;
		};
/* End PBXFrameworksBuildPhase section */

/* Begin PBXGroup section */
		3C4B923C1B3472CF0083498D = {
			isa = PBXGroup;
			children = (
				3C4B92471B3472CF0083498D /* CustomAlertView */,
				3C4B925D1B3472CF0083498D /* CustomAlertViewTests */,
				3C4B92461B3472CF0083498D /* Products */,
			);
			sourceTree = "<group>";
		};
		3C4B92461B3472CF0083498D /* Products */ = {
			isa = PBXGroup;
			children = (
				3C4B92451B3472CF0083498D /* CustomAlertView.app */,
				3C4B925A1B3472CF0083498D /* CustomAlertViewTests.xctest */,
			);
			name = Products;
			sourceTree = "<group>";
		};
		3C4B92471B3472CF0083498D /* CustomAlertView */ = {
			isa = PBXGroup;
			children = (
				3C4B924A1B3472CF0083498D /* AppDelegate.swift */,
				3C4B924C1B3472CF0083498D /* ViewController.swift */,
				3C4B924E1B3472CF0083498D /* Main.storyboard */,
				3C4B92511B3472CF0083498D /* Images.xcassets */,
				3C4B92531B3472CF0083498D /* LaunchScreen.xib */,
				3C4B92481B3472CF0083498D /* Supporting Files */,
			);
			path = CustomAlertView;
			sourceTree = "<group>";
		};
		3C4B92481B3472CF0083498D /* Supporting Files */ = {
			isa = PBXGroup;
			children = (
				3C4B92491B3472CF0083498D /* Info.plist */,
			);
			name = "Supporting Files";
			sourceTree = "<group>";
		};
		3C4B925D1B3472CF0083498D /* CustomAlertViewTests */ = {
			isa = PBXGroup;
			children = (
				3C4B92601B3472CF0083498D /* CustomAlertViewTests.swift */,
				3C4B925E1B3472CF0083498D /* Supporting Files */,
			);
			path = CustomAlertViewTests;
			sourceTree = "<group>";
		};
		3C4B925E1B3472CF0083498D /* Supporting Files */ = {
			isa = PBXGroup;
			children = (
				3C4B925F1B3472CF0083498D /* Info.plist */,
			);
			name = "Supporting Files";
			sourceTree = "<group>";
		};
/* End PBXGroup section */

/* Begin PBXNativeTarget section */
		3C4B92441B3472CF0083498D /* CustomAlertView */ = {
			isa = PBXNativeTarget;
			buildConfigurationList = 3C4B92641B3472CF0083498D /* Build configuration list for PBXNativeTarget "CustomAlertView" */;
			buildPhases = (
				3C4B92411B3472CF0083498D /* Sources */,
				3C4B92421B3472CF0083498D /* Frameworks */,
				3C4B92431B3472CF0083498D /* Resources */,
			);
			buildRules = (
			);
			dependencies = (
			);
			name = CustomAlertView;
			productName = CustomAlertView;
			productReference = 3C4B92451B3472CF0083498D /* CustomAlertView.app */;
			productType = "com.apple.product-type.application";
		};
		3C4B92591B3472CF0083498D /* CustomAlertViewTests */ = {
			isa = PBXNativeTarget;
			buildConfigurationList = 3C4B92671B3472CF0083498D /* Build configuration list for PBXNativeTarget "CustomAlertViewTests" */;
			buildPhases = (
				3C4B92561B3472CF0083498D /* Sources */,
				3C4B92571B3472CF0083498D /* Frameworks */,
				3C4B92581B3472CF0083498D /* Resources */,
			);
			buildRules = (
			);
			dependencies = (
				3C4B925C1B3472CF0083498D /* PBXTargetDependency */,
			);
			name = CustomAlertViewTests;
			productName = CustomAlertViewTests;
			productReference = 3C4B925A1B3472CF0083498D /* CustomAlertViewTests.xctest */;
			productType = "com.apple.product-type.bundle.unit-test";
		};
/* End PBXNativeTarget section */

/* Begin PBXProject section */
		3C4B923D1B3472CF0083498D /* Project object */ = {
			isa = PBXProject;
			attributes = {
				LastUpgradeCheck = 0630;
				ORGANIZATIONNAME = JZFMAC;
				TargetAttributes = {
					3C4B92441B3472CF0083498D = {
						CreatedOnToolsVersion = 6.3.2;
					};
					3C4B92591B3472CF0083498D = {
						CreatedOnToolsVersion = 6.3.2;
						TestTargetID = 3C4B92441B3472CF0083498D;
					};
				};
			};
			buildConfigurationList = 3C4B92401B3472CF0083498D /* Build configuration list for PBXProject "CustomAlertView" */;
			compatibilityVersion = "Xcode 3.2";
			developmentRegion = English;
			hasScannedForEncodings = 0;
			knownRegions = (
				en,
				Base,
			);
			mainGroup = 3C4B923C1B3472CF0083498D;
			productRefGroup = 3C4B92461B3472CF0083498D /* Products */;
			projectDirPath = "";
			projectRoot = "";
			targets = (
				3C4B92441B3472CF0083498D /* CustomAlertView */,
				3C4B92591B3472CF0083498D /* CustomAlertViewTests */,
			);
		};
/* End PBXProject section */

/* Begin PBXResourcesBuildPhase section */
		3C4B92431B3472CF0083498D /* Resources */ = {
			isa = PBXResourcesBuildPhase;
			buildActionMask = 2147483647;
			files = (
				3C4B92501B3472CF0083498D /* Main.storyboard in Resources */,
				3C4B92551B3472CF0083498D /* LaunchScreen.xib in Resources */,
				3C4B92521B3472CF0083498D /* Images.xcassets in Resources */,
			);
			runOnlyForDeploymentPostprocessing = 0;
		};
		3C4B92581B3472CF0083498D /* Resources */ = {
			isa = PBXResourcesBuildPhase;
			buildActionMask = 2147483647;
			files = (
			);
			runOnlyForDeploymentPostprocessing = 0;
		};
/* End PBXResourcesBuildPhase section */

/* Begin PBXSourcesBuildPhase section */
		3C4B92411B3472CF0083498D /* Sources */ = {
			isa = PBXSourcesBuildPhase;
			buildActionMask = 2147483647;
			files = (
				3C4B924D1B3472CF0083498D /* ViewController.swift in Sources */,
				3C4B924B1B3472CF0083498D /* AppDelegate.swift in Sources */,
			);
			runOnlyForDeploymentPostprocessing = 0;
		};
		3C4B92561B3472CF0083498D /* Sources */ = {
			isa = PBXSourcesBuildPhase;
			buildActionMask = 2147483647;
			files = (
				3C4B92611B3472CF0083498D /* CustomAlertViewTests.swift in Sources */,
			);
			runOnlyForDeploymentPostprocessing = 0;
		};
/* End PBXSourcesBuildPhase section */

/* Begin PBXTargetDependency section */
		3C4B925C1B3472CF0083498D /* PBXTargetDependency */ = {
			isa = PBXTargetDependency;
			target = 3C4B92441B3472CF0083498D /* CustomAlertView */;
			targetProxy = 3C4B925B1B3472CF0083498D /* PBXContainerItemProxy */;
		};
/* End PBXTargetDependency section */

/* Begin PBXVariantGroup section */
		3C4B924E1B3472CF0083498D /* Main.storyboard */ = {
			isa = PBXVariantGroup;
			children = (
				3C4B924F1B3472CF0083498D /* Base */,
			);
			name = Main.storyboard;
			sourceTree = "<group>";
		};
		3C4B92531B3472CF0083498D /* LaunchScreen.xib */ = {
			isa = PBXVariantGroup;
			children = (
				3C4B92541B3472CF0083498D /* Base */,
			);
			name = LaunchScreen.xib;
			sourceTree = "<group>";
		};
/* End PBXVariantGroup section */

/* Begin XCBuildConfiguration section */
		3C4B92621B3472CF0083498D /* Debug */ = {
			isa = XCBuildConfiguration;
			buildSettings = {
				ALWAYS_SEARCH_USER_PATHS = NO;
				CLANG_CXX_LANGUAGE_STANDARD = "gnu++0x";
				CLANG_CXX_LIBRARY = "libc++";
				CLANG_ENABLE_MODULES = YES;
				CLANG_ENABLE_OBJC_ARC = YES;
				CLANG_WARN_BOOL_CONVERSION = YES;
				CLANG_WARN_CONSTANT_CONVERSION = YES;
				CLANG_WARN_DIRECT_OBJC_ISA_USAGE = YES_ERROR;
				CLANG_WARN_EMPTY_BODY = YES;
				CLANG_WARN_ENUM_CONVERSION = YES;
				CLANG_WARN_INT_CONVERSION = YES;
				CLANG_WARN_OBJC_ROOT_CLASS = YES_ERROR;
				CLANG_WARN_UNREACHABLE_CODE = YES;
				CLANG_WARN__DUPLICATE_METHOD_MATCH = YES;
				"CODE_SIGN_IDENTITY[sdk=iphoneos*]" = "iPhone Developer";
				COPY_PHASE_STRIP = NO;
				DEBUG_INFORMATION_FORMAT = "dwarf-with-dsym";
				ENABLE_STRICT_OBJC_MSGSEND = YES;
				GCC_C_LANGUAGE_STANDARD = gnu99;
				GCC_DYNAMIC_NO_PIC = NO;
				GCC_NO_COMMON_BLOCKS = YES;
				GCC_OPTIMIZATION_LEVEL = 0;
				GCC_PREPROCESSOR_DEFINITIONS = (
					"DEBUG=1",
					"$(inherited)",
				);
				GCC_SYMBOLS_PRIVATE_EXTERN = NO;
				GCC_WARN_64_TO_32_BIT_CONVERSION = YES;
				GCC_WARN_ABOUT_RETURN_TYPE = YES_ERROR;
				GCC_WARN_UNDECLARED_SELECTOR = YES;
				GCC_WARN_UNINITIALIZED_AUTOS = YES_AGGRESSIVE;
				GCC_WARN_UNUSED_FUNCTION = YES;
				GCC_WARN_UNUSED_VARIABLE = YES;
				IPHONEOS_DEPLOYMENT_TARGET = 8.3;
				MTL_ENABLE_DEBUG_INFO = YES;
				ONLY_ACTIVE_ARCH = YES;
				SDKROOT = iphoneos;
				SWIFT_OPTIMIZATION_LEVEL = "-Onone";
			};
			name = Debug;
		};
		3C4B92631B3472CF0083498D /* Release */ = {
			isa = XCBuildConfiguration;
			buildSettings = {
				ALWAYS_SEARCH_USER_PATHS = NO;
				CLANG_CXX_LANGUAGE_STANDARD = "gnu++0x";
				CLANG_CXX_LIBRARY = "libc++";
				CLANG_ENABLE_MODULES = YES;
				CLANG_ENABLE_OBJC_ARC = YES;
				CLANG_WARN_BOOL_CONVERSION = YES;
				CLANG_WARN_CONSTANT_CONVERSION = YES;
				CLANG_WARN_DIRECT_OBJC_ISA_USAGE = YES_ERROR;
				CLANG_WARN_EMPTY_BODY = YES;
				CLANG_WARN_ENUM_CONVERSION = YES;
				CLANG_WARN_INT_CONVERSION = YES;
				CLANG_WARN_OBJC_ROOT_CLASS = YES_ERROR;
				CLANG_WARN_UNREACHABLE_CODE = YES;
				CLANG_WARN__DUPLICATE_METHOD_MATCH = YES;
				"CODE_SIGN_IDENTITY[sdk=iphoneos*]" = "iPhone Developer";
				COPY_PHASE_STRIP = NO;
				DEBUG_INFORMATION_FORMAT = "dwarf-with-dsym";
				ENABLE_NS_ASSERTIONS = NO;
				ENABLE_STRICT_OBJC_MSGSEND = YES;
				GCC_C_LANGUAGE_STANDARD = gnu99;
				GCC_NO_COMMON_BLOCKS = YES;
				GCC_WARN_64_TO_32_BIT_CONVERSION = YES;
				GCC_WARN_ABOUT_RETURN_TYPE = YES_ERROR;
				GCC_WARN_UNDECLARED_SELECTOR = YES;
				GCC_WARN_UNINITIALIZED_AUTOS = YES_AGGRESSIVE;
				GCC_WARN_UNUSED_FUNCTION = YES;
				GCC_WARN_UNUSED_VARIABLE = YES;
				IPHONEOS_DEPLOYMENT_TARGET = 8.3;
				MTL_ENABLE_DEBUG_INFO = NO;
				SDKROOT = iphoneos;
				VALIDATE_PRODUCT = YES;
			};
			name = Release;
		};
		3C4B92651B3472CF0083498D /* Debug */ = {
			isa = XCBuildConfiguration;
			buildSettings = {
				ASSETCATALOG_COMPILER_APPICON_NAME = AppIcon;
				INFOPLIST_FILE = CustomAlertView/Info.plist;
				LD_RUNPATH_SEARCH_PATHS = "$(inherited) @executable_path/Frameworks";
				PRODUCT_NAME = "$(TARGET_NAME)";
			};
			name = Debug;
		};
		3C4B92661B3472CF0083498D /* Release */ = {
			isa = XCBuildConfiguration;
			buildSettings = {
				ASSETCATALOG_COMPILER_APPICON_NAME = AppIcon;
				INFOPLIST_FILE = CustomAlertView/Info.plist;
				LD_RUNPATH_SEARCH_PATHS = "$(inherited) @executable_path/Frameworks";
				PRODUCT_NAME = "$(TARGET_NAME)";
			};
			name = Release;
		};
		3C4B92681B3472CF0083498D /* Debug */ = {
			isa = XCBuildConfiguration;
			buildSettings = {
				BUNDLE_LOADER = "$(TEST_HOST)";
				FRAMEWORK_SEARCH_PATHS = (
					"$(SDKROOT)/Developer/Library/Frameworks",
					"$(inherited)",
				);
				GCC_PREPROCESSOR_DEFINITIONS = (
					"DEBUG=1",
					"$(inherited)",
				);
				INFOPLIST_FILE = CustomAlertViewTests/Info.plist;
				LD_RUNPATH_SEARCH_PATHS = "$(inherited) @executable_path/Frameworks @loader_path/Frameworks";
				PRODUCT_NAME = "$(TARGET_NAME)";
				TEST_HOST = "$(BUILT_PRODUCTS_DIR)/CustomAlertView.app/CustomAlertView";
			};
			name = Debug;
		};
		3C4B92691B3472CF0083498D /* Release */ = {
			isa = XCBuildConfiguration;
			buildSettings = {
				BUNDLE_LOADER = "$(TEST_HOST)";
				FRAMEWORK_SEARCH_PATHS = (
					"$(SDKROOT)/Developer/Library/Frameworks",
					"$(inherited)",
				);
				INFOPLIST_FILE = CustomAlertViewTests/Info.plist;
				LD_RUNPATH_SEARCH_PATHS = "$(inherited) @executable_path/Frameworks @loader_path/Frameworks";
				PRODUCT_NAME = "$(TARGET_NAME)";
				TEST_HOST = "$(BUILT_PRODUCTS_DIR)/CustomAlertView.app/CustomAlertView";
			};
			name = Release;
		};
/* End XCBuildConfiguration section */

/* Begin XCConfigurationList section */
		3C4B92401B3472CF0083498D /* Build configuration list for PBXProject "CustomAlertView" */ = {
			isa = XCConfigurationList;
			buildConfigurations = (
				3C4B92621B3472CF0083498D /* Debug */,
				3C4B92631B3472CF0083498D /* Release */,
			);
			defaultConfigurationIsVisible = 0;
			defaultConfigurationName = Release;
		};
		3C4B92641B3472CF0083498D /* Build configuration list for PBXNativeTarget "CustomAlertView" */ = {
			isa = XCConfigurationList;
			buildConfigurations = (
				3C4B92651B3472CF0083498D /* Debug */,
				3C4B92661B3472CF0083498D /* Release */,
			);
			defaultConfigurationIsVisible = 0;
		};
		3C4B92671B3472CF0083498D /* Build configuration list for PBXNativeTarget "CustomAlertViewTests" */ = {
			isa = XCConfigurationList;
			buildConfigurations = (
				3C4B92681B3472CF0083498D /* Debug */,
				3C4B92691B3472CF0083498D /* Release */,
			);
			defaultConfigurationIsVisible = 0;
		};
/* End XCConfigurationList section */
	};
	rootObject = 3C4B923D1B3472CF0083498D /* Project object */;
}
